
Microsoft Visual Studio Solution File, Format Version 12.00
# Visual Studio Version 17
VisualStudioVersion = 17.6.33815.320
MinimumVisualStudioVersion = 10.0.40219.1
Project("{FAE04EC0-301F-11D3-BF4B-00C04F79EFBC}") = "sec-1.5", "sec-1.5\sec-1.5.csproj", "{596F45DE-8A24-452B-9DA6-594EB458637A}"
EndProject
Global
	GlobalSection(SolutionConfigurationPlatforms) = preSolution
		Debug|Any CPU = Debug|Any CPU
		Release|Any CPU = Release|Any CPU
	EndGlobalSection
	GlobalSection(ProjectConfigurationPlatforms) = postSolution
		{596F45DE-8A24-452B-9DA6-594EB458637A}.Debug|Any CPU.ActiveCfg = Debug|Any CPU
		{596F45DE-8A24-452B-9DA6-594EB458637A}.Debug|Any CPU.Build.0 = Debug|Any CPU
		{596F45DE-8A24-452B-9DA6-594EB458637A}.Release|Any CPU.ActiveCfg = Release|Any CPU
		{596F45DE-8A24-452B-9DA6-594EB458637A}.Release|Any CPU.Build.0 = Release|Any CPU
	EndGlobalSection
	GlobalSection(SolutionProperties) = preSolution
		HideSolutionNode = FALSE
	EndGlobalSection
	GlobalSection(ExtensibilityGlobals) = postSolution
		SolutionGuid = {26D43679-0DCE-4330-9B0F-B1E59AFCDC82}
	EndGlobalSection
EndGlobal
